
Microsoft Visual Studio Solution File, Format Version 12.00
# Visual Studio Version 17
VisualStudioVersion = 17.6.33712.159
MinimumVisualStudioVersion = 10.0.40219.1
Project("{9A19103F-16F7-4668-BE54-9A1E7A4F7556}") = "MacroRail", "MacroRail.csproj", "{5B56F116-6800-4E66-8612-B1B9006D71CE}"
EndProject
Project("{54435603-DBB4-11D2-8724-00A0C9A8B90C}") = "MacroRailSetup", "..\MacroRailSetup\MacroRailSetup.vdproj", "{AFF0F74E-E597-4982-959F-4B1672C7BA1F}"
EndProject
Global
	GlobalSection(SolutionConfigurationPlatforms) = preSolution
		Debug|Any CPU = Debug|Any CPU
		Debug|x64 = Debug|x64
		Release|Any CPU = Release|Any CPU
		Release|x64 = Release|x64
	EndGlobalSection
	GlobalSection(ProjectConfigurationPlatforms) = postSolution
		{5B56F116-6800-4E66-8612-B1B9006D71CE}.Debug|Any CPU.ActiveCfg = Debug|Any CPU
		{5B56F116-6800-4E66-8612-B1B9006D71CE}.Debug|Any CPU.Build.0 = Debug|Any CPU
		{5B56F116-6800-4E66-8612-B1B9006D71CE}.Debug|x64.ActiveCfg = Debug|x64
		{5B56F116-6800-4E66-8612-B1B9006D71CE}.Debug|x64.Build.0 = Debug|x64
		{5B56F116-6800-4E66-8612-B1B9006D71CE}.Release|Any CPU.ActiveCfg = Release|Any CPU
		{5B56F116-6800-4E66-8612-B1B9006D71CE}.Release|Any CPU.Build.0 = Release|Any CPU
		{5B56F116-6800-4E66-8612-B1B9006D71CE}.Release|x64.ActiveCfg = Release|x64
		{5B56F116-6800-4E66-8612-B1B9006D71CE}.Release|x64.Build.0 = Release|x64
		{AFF0F74E-E597-4982-959F-4B1672C7BA1F}.Debug|Any CPU.ActiveCfg = Debug
		{AFF0F74E-E597-4982-959F-4B1672C7BA1F}.Debug|x64.ActiveCfg = Debug
		{AFF0F74E-E597-4982-959F-4B1672C7BA1F}.Debug|x64.Build.0 = Debug
		{AFF0F74E-E597-4982-959F-4B1672C7BA1F}.Release|Any CPU.ActiveCfg = Release
		{AFF0F74E-E597-4982-959F-4B1672C7BA1F}.Release|x64.ActiveCfg = Release
		{AFF0F74E-E597-4982-959F-4B1672C7BA1F}.Release|x64.Build.0 = Release
	EndGlobalSection
	GlobalSection(SolutionProperties) = preSolution
		HideSolutionNode = FALSE
	EndGlobalSection
	GlobalSection(ExtensibilityGlobals) = postSolution
		SolutionGuid = {73E50B20-560C-41DA-AF44-A13D7DADD140}
	EndGlobalSection
EndGlobal
