
Microsoft Visual Studio Solution File, Format Version 12.00
# Visual Studio Version 17
VisualStudioVersion = 17.5.33627.172
MinimumVisualStudioVersion = 10.0.40219.1
Project("{FAE04EC0-301F-11D3-BF4B-00C04F79EFBC}") = "MacroRail", "MacroRail.csproj", "{7FEA6136-81E4-499B-8691-C8D665698639}"
EndProject
Project("{FAE04EC0-301F-11D3-BF4B-00C04F79EFBC}") = "nikoncswrapper", "nikoncswrapper\nikoncswrapper_v2.1\src\nikoncswrapper\nikoncswrapper.csproj", "{AADE1DF5-4C46-4760-B72B-474D90336F5B}"
EndProject
Global
	GlobalSection(SolutionConfigurationPlatforms) = preSolution
		Debug|Any CPU = Debug|Any CPU
		Debug|arm64 = Debug|arm64
		Debug|x64 = Debug|x64
		Debug|x86 = Debug|x86
		DebugQ16|Any CPU = DebugQ16|Any CPU
		DebugQ16|arm64 = DebugQ16|arm64
		DebugQ16|x64 = DebugQ16|x64
		DebugQ16|x86 = DebugQ16|x86
		DebugQ16-HDRI|Any CPU = DebugQ16-HDRI|Any CPU
		DebugQ16-HDRI|arm64 = DebugQ16-HDRI|arm64
		DebugQ16-HDRI|x64 = DebugQ16-HDRI|x64
		DebugQ16-HDRI|x86 = DebugQ16-HDRI|x86
		DebugQ8|Any CPU = DebugQ8|Any CPU
		DebugQ8|arm64 = DebugQ8|arm64
		DebugQ8|x64 = DebugQ8|x64
		DebugQ8|x86 = DebugQ8|x86
		Release|Any CPU = Release|Any CPU
		Release|arm64 = Release|arm64
		Release|x64 = Release|x64
		Release|x86 = Release|x86
		ReleaseQ16|Any CPU = ReleaseQ16|Any CPU
		ReleaseQ16|arm64 = ReleaseQ16|arm64
		ReleaseQ16|x64 = ReleaseQ16|x64
		ReleaseQ16|x86 = ReleaseQ16|x86
		ReleaseQ16-HDRI|Any CPU = ReleaseQ16-HDRI|Any CPU
		ReleaseQ16-HDRI|arm64 = ReleaseQ16-HDRI|arm64
		ReleaseQ16-HDRI|x64 = ReleaseQ16-HDRI|x64
		ReleaseQ16-HDRI|x86 = ReleaseQ16-HDRI|x86
		ReleaseQ8|Any CPU = ReleaseQ8|Any CPU
		ReleaseQ8|arm64 = ReleaseQ8|arm64
		ReleaseQ8|x64 = ReleaseQ8|x64
		ReleaseQ8|x86 = ReleaseQ8|x86
		TestQ16|Any CPU = TestQ16|Any CPU
		TestQ16|arm64 = TestQ16|arm64
		TestQ16|x64 = TestQ16|x64
		TestQ16|x86 = TestQ16|x86
		TestQ16-HDRI|Any CPU = TestQ16-HDRI|Any CPU
		TestQ16-HDRI|arm64 = TestQ16-HDRI|arm64
		TestQ16-HDRI|x64 = TestQ16-HDRI|x64
		TestQ16-HDRI|x86 = TestQ16-HDRI|x86
		TestQ8|Any CPU = TestQ8|Any CPU
		TestQ8|arm64 = TestQ8|arm64
		TestQ8|x64 = TestQ8|x64
		TestQ8|x86 = TestQ8|x86
	EndGlobalSection
	GlobalSection(ProjectConfigurationPlatforms) = postSolution
		{7FEA6136-81E4-499B-8691-C8D665698639}.Debug|Any CPU.ActiveCfg = Debug|Any CPU
		{7FEA6136-81E4-499B-8691-C8D665698639}.Debug|Any CPU.Build.0 = Debug|Any CPU
		{7FEA6136-81E4-499B-8691-C8D665698639}.Debug|arm64.ActiveCfg = Debug|Any CPU
		{7FEA6136-81E4-499B-8691-C8D665698639}.Debug|arm64.Build.0 = Debug|Any CPU
		{7FEA6136-81E4-499B-8691-C8D665698639}.Debug|x64.ActiveCfg = Debug|Any CPU
		{7FEA6136-81E4-499B-8691-C8D665698639}.Debug|x64.Build.0 = Debug|Any CPU
		{7FEA6136-81E4-499B-8691-C8D665698639}.Debug|x86.ActiveCfg = Debug|Any CPU
		{7FEA6136-81E4-499B-8691-C8D665698639}.Debug|x86.Build.0 = Debug|Any CPU
		{7FEA6136-81E4-499B-8691-C8D665698639}.DebugQ16|Any CPU.ActiveCfg = Debug|Any CPU
		{7FEA6136-81E4-499B-8691-C8D665698639}.DebugQ16|Any CPU.Build.0 = Debug|Any CPU
		{7FEA6136-81E4-499B-8691-C8D665698639}.DebugQ16|arm64.ActiveCfg = Debug|Any CPU
		{7FEA6136-81E4-499B-8691-C8D665698639}.DebugQ16|arm64.Build.0 = Debug|Any CPU
		{7FEA6136-81E4-499B-8691-C8D665698639}.DebugQ16|x64.ActiveCfg = Debug|Any CPU
		{7FEA6136-81E4-499B-8691-C8D665698639}.DebugQ16|x64.Build.0 = Debug|Any CPU
		{7FEA6136-81E4-499B-8691-C8D665698639}.DebugQ16|x86.ActiveCfg = Debug|Any CPU
		{7FEA6136-81E4-499B-8691-C8D665698639}.DebugQ16|x86.Build.0 = Debug|Any CPU
		{7FEA6136-81E4-499B-8691-C8D665698639}.DebugQ16-HDRI|Any CPU.ActiveCfg = Debug|Any CPU
		{7FEA6136-81E4-499B-8691-C8D665698639}.DebugQ16-HDRI|Any CPU.Build.0 = Debug|Any CPU
		{7FEA6136-81E4-499B-8691-C8D665698639}.DebugQ16-HDRI|arm64.ActiveCfg = Debug|Any CPU
		{7FEA6136-81E4-499B-8691-C8D665698639}.DebugQ16-HDRI|arm64.Build.0 = Debug|Any CPU
		{7FEA6136-81E4-499B-8691-C8D665698639}.DebugQ16-HDRI|x64.ActiveCfg = Debug|Any CPU
		{7FEA6136-81E4-499B-8691-C8D665698639}.DebugQ16-HDRI|x64.Build.0 = Debug|Any CPU
		{7FEA6136-81E4-499B-8691-C8D665698639}.DebugQ16-HDRI|x86.ActiveCfg = Debug|Any CPU
		{7FEA6136-81E4-499B-8691-C8D665698639}.DebugQ16-HDRI|x86.Build.0 = Debug|Any CPU
		{7FEA6136-81E4-499B-8691-C8D665698639}.DebugQ8|Any CPU.ActiveCfg = Debug|Any CPU
		{7FEA6136-81E4-499B-8691-C8D665698639}.DebugQ8|Any CPU.Build.0 = Debug|Any CPU
		{7FEA6136-81E4-499B-8691-C8D665698639}.DebugQ8|arm64.ActiveCfg = Debug|Any CPU
		{7FEA6136-81E4-499B-8691-C8D665698639}.DebugQ8|arm64.Build.0 = Debug|Any CPU
		{7FEA6136-81E4-499B-8691-C8D665698639}.DebugQ8|x64.ActiveCfg = Debug|Any CPU
		{7FEA6136-81E4-499B-8691-C8D665698639}.DebugQ8|x64.Build.0 = Debug|Any CPU
		{7FEA6136-81E4-499B-8691-C8D665698639}.DebugQ8|x86.ActiveCfg = Debug|Any CPU
		{7FEA6136-81E4-499B-8691-C8D665698639}.DebugQ8|x86.Build.0 = Debug|Any CPU
		{7FEA6136-81E4-499B-8691-C8D665698639}.Release|Any CPU.ActiveCfg = Release|Any CPU
		{7FEA6136-81E4-499B-8691-C8D665698639}.Release|Any CPU.Build.0 = Release|Any CPU
		{7FEA6136-81E4-499B-8691-C8D665698639}.Release|arm64.ActiveCfg = Release|Any CPU
		{7FEA6136-81E4-499B-8691-C8D665698639}.Release|arm64.Build.0 = Release|Any CPU
		{7FEA6136-81E4-499B-8691-C8D665698639}.Release|x64.ActiveCfg = Release|Any CPU
		{7FEA6136-81E4-499B-8691-C8D665698639}.Release|x64.Build.0 = Release|Any CPU
		{7FEA6136-81E4-499B-8691-C8D665698639}.Release|x86.ActiveCfg = Release|Any CPU
		{7FEA6136-81E4-499B-8691-C8D665698639}.Release|x86.Build.0 = Release|Any CPU
		{7FEA6136-81E4-499B-8691-C8D665698639}.ReleaseQ16|Any CPU.ActiveCfg = Release|Any CPU
		{7FEA6136-81E4-499B-8691-C8D665698639}.ReleaseQ16|Any CPU.Build.0 = Release|Any CPU
		{7FEA6136-81E4-499B-8691-C8D665698639}.ReleaseQ16|arm64.ActiveCfg = Release|Any CPU
		{7FEA6136-81E4-499B-8691-C8D665698639}.ReleaseQ16|arm64.Build.0 = Release|Any CPU
		{7FEA6136-81E4-499B-8691-C8D665698639}.ReleaseQ16|x64.ActiveCfg = Release|Any CPU
		{7FEA6136-81E4-499B-8691-C8D665698639}.ReleaseQ16|x64.Build.0 = Release|Any CPU
		{7FEA6136-81E4-499B-8691-C8D665698639}.ReleaseQ16|x86.ActiveCfg = Release|Any CPU
		{7FEA6136-81E4-499B-8691-C8D665698639}.ReleaseQ16|x86.Build.0 = Release|Any CPU
		{7FEA6136-81E4-499B-8691-C8D665698639}.ReleaseQ16-HDRI|Any CPU.ActiveCfg = Release|Any CPU
		{7FEA6136-81E4-499B-8691-C8D665698639}.ReleaseQ16-HDRI|Any CPU.Build.0 = Release|Any CPU
		{7FEA6136-81E4-499B-8691-C8D665698639}.ReleaseQ16-HDRI|arm64.ActiveCfg = Release|Any CPU
		{7FEA6136-81E4-499B-8691-C8D665698639}.ReleaseQ16-HDRI|arm64.Build.0 = Release|Any CPU
		{7FEA6136-81E4-499B-8691-C8D665698639}.ReleaseQ16-HDRI|x64.ActiveCfg = Release|Any CPU
		{7FEA6136-81E4-499B-8691-C8D665698639}.ReleaseQ16-HDRI|x64.Build.0 = Release|Any CPU
		{7FEA6136-81E4-499B-8691-C8D665698639}.ReleaseQ16-HDRI|x86.ActiveCfg = Release|Any CPU
		{7FEA6136-81E4-499B-8691-C8D665698639}.ReleaseQ16-HDRI|x86.Build.0 = Release|Any CPU
		{7FEA6136-81E4-499B-8691-C8D665698639}.ReleaseQ8|Any CPU.ActiveCfg = Release|Any CPU
		{7FEA6136-81E4-499B-8691-C8D665698639}.ReleaseQ8|Any CPU.Build.0 = Release|Any CPU
		{7FEA6136-81E4-499B-8691-C8D665698639}.ReleaseQ8|arm64.ActiveCfg = Release|Any CPU
		{7FEA6136-81E4-499B-8691-C8D665698639}.ReleaseQ8|arm64.Build.0 = Release|Any CPU
		{7FEA6136-81E4-499B-8691-C8D665698639}.ReleaseQ8|x64.ActiveCfg = Release|Any CPU
		{7FEA6136-81E4-499B-8691-C8D665698639}.ReleaseQ8|x64.Build.0 = Release|Any CPU
		{7FEA6136-81E4-499B-8691-C8D665698639}.ReleaseQ8|x86.ActiveCfg = Release|Any CPU
		{7FEA6136-81E4-499B-8691-C8D665698639}.ReleaseQ8|x86.Build.0 = Release|Any CPU
		{7FEA6136-81E4-499B-8691-C8D665698639}.TestQ16|Any CPU.ActiveCfg = Release|Any CPU
		{7FEA6136-81E4-499B-8691-C8D665698639}.TestQ16|Any CPU.Build.0 = Release|Any CPU
		{7FEA6136-81E4-499B-8691-C8D665698639}.TestQ16|arm64.ActiveCfg = Release|Any CPU
		{7FEA6136-81E4-499B-8691-C8D665698639}.TestQ16|arm64.Build.0 = Release|Any CPU
		{7FEA6136-81E4-499B-8691-C8D665698639}.TestQ16|x64.ActiveCfg = Release|Any CPU
		{7FEA6136-81E4-499B-8691-C8D665698639}.TestQ16|x64.Build.0 = Release|Any CPU
		{7FEA6136-81E4-499B-8691-C8D665698639}.TestQ16|x86.ActiveCfg = Release|Any CPU
		{7FEA6136-81E4-499B-8691-C8D665698639}.TestQ16|x86.Build.0 = Release|Any CPU
		{7FEA6136-81E4-499B-8691-C8D665698639}.TestQ16-HDRI|Any CPU.ActiveCfg = Release|Any CPU
		{7FEA6136-81E4-499B-8691-C8D665698639}.TestQ16-HDRI|Any CPU.Build.0 = Release|Any CPU
		{7FEA6136-81E4-499B-8691-C8D665698639}.TestQ16-HDRI|arm64.ActiveCfg = Release|Any CPU
		{7FEA6136-81E4-499B-8691-C8D665698639}.TestQ16-HDRI|arm64.Build.0 = Release|Any CPU
		{7FEA6136-81E4-499B-8691-C8D665698639}.TestQ16-HDRI|x64.ActiveCfg = Release|Any CPU
		{7FEA6136-81E4-499B-8691-C8D665698639}.TestQ16-HDRI|x64.Build.0 = Release|Any CPU
		{7FEA6136-81E4-499B-8691-C8D665698639}.TestQ16-HDRI|x86.ActiveCfg = Release|Any CPU
		{7FEA6136-81E4-499B-8691-C8D665698639}.TestQ16-HDRI|x86.Build.0 = Release|Any CPU
		{7FEA6136-81E4-499B-8691-C8D665698639}.TestQ8|Any CPU.ActiveCfg = Release|Any CPU
		{7FEA6136-81E4-499B-8691-C8D665698639}.TestQ8|Any CPU.Build.0 = Release|Any CPU
		{7FEA6136-81E4-499B-8691-C8D665698639}.TestQ8|arm64.ActiveCfg = Release|Any CPU
		{7FEA6136-81E4-499B-8691-C8D665698639}.TestQ8|arm64.Build.0 = Release|Any CPU
		{7FEA6136-81E4-499B-8691-C8D665698639}.TestQ8|x64.ActiveCfg = Release|Any CPU
		{7FEA6136-81E4-499B-8691-C8D665698639}.TestQ8|x64.Build.0 = Release|Any CPU
		{7FEA6136-81E4-499B-8691-C8D665698639}.TestQ8|x86.ActiveCfg = Release|Any CPU
		{7FEA6136-81E4-499B-8691-C8D665698639}.TestQ8|x86.Build.0 = Release|Any CPU
		{AADE1DF5-4C46-4760-B72B-474D90336F5B}.Debug|Any CPU.ActiveCfg = Debug|Any CPU
		{AADE1DF5-4C46-4760-B72B-474D90336F5B}.Debug|Any CPU.Build.0 = Debug|Any CPU
		{AADE1DF5-4C46-4760-B72B-474D90336F5B}.Debug|arm64.ActiveCfg = Debug|Any CPU
		{AADE1DF5-4C46-4760-B72B-474D90336F5B}.Debug|arm64.Build.0 = Debug|Any CPU
		{AADE1DF5-4C46-4760-B72B-474D90336F5B}.Debug|x64.ActiveCfg = Debug|Any CPU
		{AADE1DF5-4C46-4760-B72B-474D90336F5B}.Debug|x64.Build.0 = Debug|Any CPU
		{AADE1DF5-4C46-4760-B72B-474D90336F5B}.Debug|x86.ActiveCfg = Debug|Any CPU
		{AADE1DF5-4C46-4760-B72B-474D90336F5B}.Debug|x86.Build.0 = Debug|Any CPU
		{AADE1DF5-4C46-4760-B72B-474D90336F5B}.DebugQ16|Any CPU.ActiveCfg = Debug|Any CPU
		{AADE1DF5-4C46-4760-B72B-474D90336F5B}.DebugQ16|Any CPU.Build.0 = Debug|Any CPU
		{AADE1DF5-4C46-4760-B72B-474D90336F5B}.DebugQ16|arm64.ActiveCfg = Debug|Any CPU
		{AADE1DF5-4C46-4760-B72B-474D90336F5B}.DebugQ16|arm64.Build.0 = Debug|Any CPU
		{AADE1DF5-4C46-4760-B72B-474D90336F5B}.DebugQ16|x64.ActiveCfg = Debug|Any CPU
		{AADE1DF5-4C46-4760-B72B-474D90336F5B}.DebugQ16|x64.Build.0 = Debug|Any CPU
		{AADE1DF5-4C46-4760-B72B-474D90336F5B}.DebugQ16|x86.ActiveCfg = Debug|Any CPU
		{AADE1DF5-4C46-4760-B72B-474D90336F5B}.DebugQ16|x86.Build.0 = Debug|Any CPU
		{AADE1DF5-4C46-4760-B72B-474D90336F5B}.DebugQ16-HDRI|Any CPU.ActiveCfg = Debug|Any CPU
		{AADE1DF5-4C46-4760-B72B-474D90336F5B}.DebugQ16-HDRI|Any CPU.Build.0 = Debug|Any CPU
		{AADE1DF5-4C46-4760-B72B-474D90336F5B}.DebugQ16-HDRI|arm64.ActiveCfg = Debug|Any CPU
		{AADE1DF5-4C46-4760-B72B-474D90336F5B}.DebugQ16-HDRI|arm64.Build.0 = Debug|Any CPU
		{AADE1DF5-4C46-4760-B72B-474D90336F5B}.DebugQ16-HDRI|x64.ActiveCfg = Debug|Any CPU
		{AADE1DF5-4C46-4760-B72B-474D90336F5B}.DebugQ16-HDRI|x64.Build.0 = Debug|Any CPU
		{AADE1DF5-4C46-4760-B72B-474D90336F5B}.DebugQ16-HDRI|x86.ActiveCfg = Debug|Any CPU
		{AADE1DF5-4C46-4760-B72B-474D90336F5B}.DebugQ16-HDRI|x86.Build.0 = Debug|Any CPU
		{AADE1DF5-4C46-4760-B72B-474D90336F5B}.DebugQ8|Any CPU.ActiveCfg = Debug|Any CPU
		{AADE1DF5-4C46-4760-B72B-474D90336F5B}.DebugQ8|Any CPU.Build.0 = Debug|Any CPU
		{AADE1DF5-4C46-4760-B72B-474D90336F5B}.DebugQ8|arm64.ActiveCfg = Debug|Any CPU
		{AADE1DF5-4C46-4760-B72B-474D90336F5B}.DebugQ8|arm64.Build.0 = Debug|Any CPU
		{AADE1DF5-4C46-4760-B72B-474D90336F5B}.DebugQ8|x64.ActiveCfg = Debug|Any CPU
		{AADE1DF5-4C46-4760-B72B-474D90336F5B}.DebugQ8|x64.Build.0 = Debug|Any CPU
		{AADE1DF5-4C46-4760-B72B-474D90336F5B}.DebugQ8|x86.ActiveCfg = Debug|Any CPU
		{AADE1DF5-4C46-4760-B72B-474D90336F5B}.DebugQ8|x86.Build.0 = Debug|Any CPU
		{AADE1DF5-4C46-4760-B72B-474D90336F5B}.Release|Any CPU.ActiveCfg = Release|Any CPU
		{AADE1DF5-4C46-4760-B72B-474D90336F5B}.Release|Any CPU.Build.0 = Release|Any CPU
		{AADE1DF5-4C46-4760-B72B-474D90336F5B}.Release|arm64.ActiveCfg = Release|Any CPU
		{AADE1DF5-4C46-4760-B72B-474D90336F5B}.Release|arm64.Build.0 = Release|Any CPU
		{AADE1DF5-4C46-4760-B72B-474D90336F5B}.Release|x64.ActiveCfg = Release|Any CPU
		{AADE1DF5-4C46-4760-B72B-474D90336F5B}.Release|x64.Build.0 = Release|Any CPU
		{AADE1DF5-4C46-4760-B72B-474D90336F5B}.Release|x86.ActiveCfg = Release|Any CPU
		{AADE1DF5-4C46-4760-B72B-474D90336F5B}.Release|x86.Build.0 = Release|Any CPU
		{AADE1DF5-4C46-4760-B72B-474D90336F5B}.ReleaseQ16|Any CPU.ActiveCfg = Release|Any CPU
		{AADE1DF5-4C46-4760-B72B-474D90336F5B}.ReleaseQ16|Any CPU.Build.0 = Release|Any CPU
		{AADE1DF5-4C46-4760-B72B-474D90336F5B}.ReleaseQ16|arm64.ActiveCfg = Release|Any CPU
		{AADE1DF5-4C46-4760-B72B-474D90336F5B}.ReleaseQ16|arm64.Build.0 = Release|Any CPU
		{AADE1DF5-4C46-4760-B72B-474D90336F5B}.ReleaseQ16|x64.ActiveCfg = Release|Any CPU
		{AADE1DF5-4C46-4760-B72B-474D90336F5B}.ReleaseQ16|x64.Build.0 = Release|Any CPU
		{AADE1DF5-4C46-4760-B72B-474D90336F5B}.ReleaseQ16|x86.ActiveCfg = Release|Any CPU
		{AADE1DF5-4C46-4760-B72B-474D90336F5B}.ReleaseQ16|x86.Build.0 = Release|Any CPU
		{AADE1DF5-4C46-4760-B72B-474D90336F5B}.ReleaseQ16-HDRI|Any CPU.ActiveCfg = Release|Any CPU
		{AADE1DF5-4C46-4760-B72B-474D90336F5B}.ReleaseQ16-HDRI|Any CPU.Build.0 = Release|Any CPU
		{AADE1DF5-4C46-4760-B72B-474D90336F5B}.ReleaseQ16-HDRI|arm64.ActiveCfg = Release|Any CPU
		{AADE1DF5-4C46-4760-B72B-474D90336F5B}.ReleaseQ16-HDRI|arm64.Build.0 = Release|Any CPU
		{AADE1DF5-4C46-4760-B72B-474D90336F5B}.ReleaseQ16-HDRI|x64.ActiveCfg = Release|Any CPU
		{AADE1DF5-4C46-4760-B72B-474D90336F5B}.ReleaseQ16-HDRI|x64.Build.0 = Release|Any CPU
		{AADE1DF5-4C46-4760-B72B-474D90336F5B}.ReleaseQ16-HDRI|x86.ActiveCfg = Release|Any CPU
		{AADE1DF5-4C46-4760-B72B-474D90336F5B}.ReleaseQ16-HDRI|x86.Build.0 = Release|Any CPU
		{AADE1DF5-4C46-4760-B72B-474D90336F5B}.ReleaseQ8|Any CPU.ActiveCfg = Release|Any CPU
		{AADE1DF5-4C46-4760-B72B-474D90336F5B}.ReleaseQ8|Any CPU.Build.0 = Release|Any CPU
		{AADE1DF5-4C46-4760-B72B-474D90336F5B}.ReleaseQ8|arm64.ActiveCfg = Release|Any CPU
		{AADE1DF5-4C46-4760-B72B-474D90336F5B}.ReleaseQ8|arm64.Build.0 = Release|Any CPU
		{AADE1DF5-4C46-4760-B72B-474D90336F5B}.ReleaseQ8|x64.ActiveCfg = Release|Any CPU
		{AADE1DF5-4C46-4760-B72B-474D90336F5B}.ReleaseQ8|x64.Build.0 = Release|Any CPU
		{AADE1DF5-4C46-4760-B72B-474D90336F5B}.ReleaseQ8|x86.ActiveCfg = Release|Any CPU
		{AADE1DF5-4C46-4760-B72B-474D90336F5B}.ReleaseQ8|x86.Build.0 = Release|Any CPU
		{AADE1DF5-4C46-4760-B72B-474D90336F5B}.TestQ16|Any CPU.ActiveCfg = Release|Any CPU
		{AADE1DF5-4C46-4760-B72B-474D90336F5B}.TestQ16|Any CPU.Build.0 = Release|Any CPU
		{AADE1DF5-4C46-4760-B72B-474D90336F5B}.TestQ16|arm64.ActiveCfg = Release|Any CPU
		{AADE1DF5-4C46-4760-B72B-474D90336F5B}.TestQ16|arm64.Build.0 = Release|Any CPU
		{AADE1DF5-4C46-4760-B72B-474D90336F5B}.TestQ16|x64.ActiveCfg = Release|Any CPU
		{AADE1DF5-4C46-4760-B72B-474D90336F5B}.TestQ16|x64.Build.0 = Release|Any CPU
		{AADE1DF5-4C46-4760-B72B-474D90336F5B}.TestQ16|x86.ActiveCfg = Release|Any CPU
		{AADE1DF5-4C46-4760-B72B-474D90336F5B}.TestQ16|x86.Build.0 = Release|Any CPU
		{AADE1DF5-4C46-4760-B72B-474D90336F5B}.TestQ16-HDRI|Any CPU.ActiveCfg = Release|Any CPU
		{AADE1DF5-4C46-4760-B72B-474D90336F5B}.TestQ16-HDRI|Any CPU.Build.0 = Release|Any CPU
		{AADE1DF5-4C46-4760-B72B-474D90336F5B}.TestQ16-HDRI|arm64.ActiveCfg = Release|Any CPU
		{AADE1DF5-4C46-4760-B72B-474D90336F5B}.TestQ16-HDRI|arm64.Build.0 = Release|Any CPU
		{AADE1DF5-4C46-4760-B72B-474D90336F5B}.TestQ16-HDRI|x64.ActiveCfg = Release|Any CPU
		{AADE1DF5-4C46-4760-B72B-474D90336F5B}.TestQ16-HDRI|x64.Build.0 = Release|Any CPU
		{AADE1DF5-4C46-4760-B72B-474D90336F5B}.TestQ16-HDRI|x86.ActiveCfg = Release|Any CPU
		{AADE1DF5-4C46-4760-B72B-474D90336F5B}.TestQ16-HDRI|x86.Build.0 = Release|Any CPU
		{AADE1DF5-4C46-4760-B72B-474D90336F5B}.TestQ8|Any CPU.ActiveCfg = Release|Any CPU
		{AADE1DF5-4C46-4760-B72B-474D90336F5B}.TestQ8|Any CPU.Build.0 = Release|Any CPU
		{AADE1DF5-4C46-4760-B72B-474D90336F5B}.TestQ8|arm64.ActiveCfg = Release|Any CPU
		{AADE1DF5-4C46-4760-B72B-474D90336F5B}.TestQ8|arm64.Build.0 = Release|Any CPU
		{AADE1DF5-4C46-4760-B72B-474D90336F5B}.TestQ8|x64.ActiveCfg = Release|Any CPU
		{AADE1DF5-4C46-4760-B72B-474D90336F5B}.TestQ8|x64.Build.0 = Release|Any CPU
		{AADE1DF5-4C46-4760-B72B-474D90336F5B}.TestQ8|x86.ActiveCfg = Release|Any CPU
		{AADE1DF5-4C46-4760-B72B-474D90336F5B}.TestQ8|x86.Build.0 = Release|Any CPU
	EndGlobalSection
	GlobalSection(SolutionProperties) = preSolution
		HideSolutionNode = FALSE
	EndGlobalSection
	GlobalSection(ExtensibilityGlobals) = postSolution
		SolutionGuid = {75C3031C-A019-4B24-8854-9A29B6F63565}
	EndGlobalSection
EndGlobal
